
Microsoft Visual Studio Solution File, Format Version 12.00
# Visual Studio Version 17
VisualStudioVersion = 17.14.36717.8 d17.14
MinimumVisualStudioVersion = 10.0.40219.1
Project("{FAE04EC0-301F-11D3-BF4B-00C04F79EFBC}") = "api.bootcamp.clt", "api.bootcamp.clt\api.bootcamp.clt.csproj", "{66C1B506-D271-4404-9212-FC2144606FFC}"
EndProject
Global
	GlobalSection(SolutionConfigurationPlatforms) = preSolution
		Debug|Any CPU = Debug|Any CPU
		Release|Any CPU = Release|Any CPU
	EndGlobalSection
	GlobalSection(ProjectConfigurationPlatforms) = postSolution
		{66C1B506-D271-4404-9212-FC2144606FFC}.Debug|Any CPU.ActiveCfg = Debug|Any CPU
		{66C1B506-D271-4404-9212-FC2144606FFC}.Debug|Any CPU.Build.0 = Debug|Any CPU
		{66C1B506-D271-4404-9212-FC2144606FFC}.Release|Any CPU.ActiveCfg = Release|Any CPU
		{66C1B506-D271-4404-9212-FC2144606FFC}.Release|Any CPU.Build.0 = Release|Any CPU
	EndGlobalSection
	GlobalSection(SolutionProperties) = preSolution
		HideSolutionNode = FALSE
	EndGlobalSection
	GlobalSection(ExtensibilityGlobals) = postSolution
		SolutionGuid = {D56BBB42-3549-46FC-87FA-776C2F7DC852}
	EndGlobalSection
EndGlobal
